// !$*UTF8*$!
{
	archiveVersion = 1;
	classes = {
	};
	objectVersion = 55;
	objects = {

/* Begin PBXBuildFile section */
		06FCF057F03D324F33229790 /* libPods-RNHybrid-RNHybridTests.a in Frameworks */ = {isa = PBXBuildFile; fileRef = 5A6D131540C26F11841FEF40 /* libPods-RNHybrid-RNHybridTests.a */; };
		084F1854EA1A538469741784 /* MainViewController.h in Headers */ = {isa = PBXBuildFile; fileRef = B741EB0E5F886BE73C0EF541 /* MainViewController.h */; settings = {ATTRIBUTES = (Public, ); }; };
		19DD6122E327FACB19BC56B3 /* SplashViewController.h in Headers */ = {isa = PBXBuildFile; fileRef = 8F575DA5717F827A487A8CF7 /* SplashViewController.h */; settings = {ATTRIBUTES = (Public, ); }; };
		19F538D290F4EFDE0F2E3A9C /* RNViewController.m in Sources */ = {isa = PBXBuildFile; fileRef = 827D44DA8E54F0C0A8931C47 /* RNViewController.m */; };
		39CBE1F1249B002C43E543F5 /* AppDelegate.mm in Sources */ = {isa = PBXBuildFile; fileRef = 0009959CF533A0A6929752A4 /* AppDelegate.mm */; };
		54F0AE22A9816301243AEB20 /* Foundation.framework in Frameworks */ = {isa = PBXBuildFile; fileRef = FEE469EE774A6393555B31CF /* Foundation.framework */; };
		57C4BFEC2D27576600F74713 /* Foundation.framework in Frameworks */ = {isa = PBXBuildFile; fileRef = FEE469EE774A6393555B31CF /* Foundation.framework */; };
		5B8E5B5AF76288AA0DC11E80 /* MainViewController.m in Sources */ = {isa = PBXBuildFile; fileRef = C473F9520F8D082E0EE2D38F /* MainViewController.m */; };
		687359BD9E4E4912188B0E76 /* RNViewController.h in Headers */ = {isa = PBXBuildFile; fileRef = B1D940EE4BD43590C40F72FA /* RNViewController.h */; settings = {ATTRIBUTES = (Public, ); }; };
		716F3C85A6B44B0C9D26596A /* AppDelegate.h in Headers */ = {isa = PBXBuildFile; fileRef = 34EA291F78D8F99304529D84 /* AppDelegate.h */; settings = {ATTRIBUTES = (Public, ); }; };
		8B262B1AACAF725C1E20F56B /* PrivacyInfo.xcprivacy in Resources */ = {isa = PBXBuildFile; fileRef = 73ABB86FFB07F01E374E6820 /* PrivacyInfo.xcprivacy */; };
		B7CBE74AAED6BD61AB72643A /* main.m in Sources */ = {isa = PBXBuildFile; fileRef = 889A741C91236C16E764C99E /* main.m */; };
		D70F0C138F9DDDFE4FD8650C /* SplashViewController.m in Sources */ = {isa = PBXBuildFile; fileRef = 67DEAB2698C7069A8E65984E /* SplashViewController.m */; };
		F9FE4CF757EEF9BBD0BCA632 /* libPods-RNHybrid.a in Frameworks */ = {isa = PBXBuildFile; fileRef = 702D8E3CEAB5DD074842012F /* libPods-RNHybrid.a */; };
/* End PBXBuildFile section */

/* Begin PBXFileReference section */
		0009959CF533A0A6929752A4 /* AppDelegate.mm */ = {isa = PBXFileReference; lastKnownFileType = sourcecode.cpp.objcpp; name = AppDelegate.mm; path = RNHybrid/AppDelegate.mm; sourceTree = "<group>"; };
		003933657EB86D5787CD71B7 /* RNHybridTests.xctest */ = {isa = PBXFileReference; explicitFileType = wrapper.cfbundle; includeInIndex = 0; path = RNHybridTests.xctest; sourceTree = BUILT_PRODUCTS_DIR; };
		34EA291F78D8F99304529D84 /* AppDelegate.h */ = {isa = PBXFileReference; lastKnownFileType = sourcecode.c.h; name = AppDelegate.h; path = RNHybrid/AppDelegate.h; sourceTree = "<group>"; };
		3A3C4A5EE05DB3326A0BE5CF /* Pods-RNHybrid-RNHybridTests.debug.xcconfig */ = {isa = PBXFileReference; includeInIndex = 1; lastKnownFileType = text.xcconfig; name = "Pods-RNHybrid-RNHybridTests.debug.xcconfig"; path = "Target Support Files/Pods-RNHybrid-RNHybridTests/Pods-RNHybrid-RNHybridTests.debug.xcconfig"; sourceTree = "<group>"; };
		5A6D131540C26F11841FEF40 /* libPods-RNHybrid-RNHybridTests.a */ = {isa = PBXFileReference; explicitFileType = archive.ar; includeInIndex = 0; path = "libPods-RNHybrid-RNHybridTests.a"; sourceTree = BUILT_PRODUCTS_DIR; };
		67DEAB2698C7069A8E65984E /* SplashViewController.m */ = {isa = PBXFileReference; lastKnownFileType = sourcecode.c.objc; name = SplashViewController.m; path = RNHybrid/SplashViewController.m; sourceTree = "<group>"; };
		702D8E3CEAB5DD074842012F /* libPods-RNHybrid.a */ = {isa = PBXFileReference; explicitFileType = archive.ar; includeInIndex = 0; path = "libPods-RNHybrid.a"; sourceTree = BUILT_PRODUCTS_DIR; };
		73ABB86FFB07F01E374E6820 /* PrivacyInfo.xcprivacy */ = {isa = PBXFileReference; fileEncoding = 4; lastKnownFileType = file.xcprivacy; name = PrivacyInfo.xcprivacy; path = RNHybrid/PrivacyInfo.xcprivacy; sourceTree = "<group>"; };
		827D44DA8E54F0C0A8931C47 /* RNViewController.m */ = {isa = PBXFileReference; lastKnownFileType = sourcecode.c.objc; name = RNViewController.m; path = RNHybrid/RNViewController.m; sourceTree = "<group>"; };
		889A741C91236C16E764C99E /* main.m */ = {isa = PBXFileReference; lastKnownFileType = sourcecode.c.objc; name = main.m; path = RNHybrid/main.m; sourceTree = "<group>"; };
		8F575DA5717F827A487A8CF7 /* SplashViewController.h */ = {isa = PBXFileReference; lastKnownFileType = sourcecode.c.h; name = SplashViewController.h; path = RNHybrid/SplashViewController.h; sourceTree = "<group>"; };
		A93FF24637B9B342189619FF /* Pods-RNHybrid-RNHybridTests.release.xcconfig */ = {isa = PBXFileReference; includeInIndex = 1; lastKnownFileType = text.xcconfig; name = "Pods-RNHybrid-RNHybridTests.release.xcconfig"; path = "Target Support Files/Pods-RNHybrid-RNHybridTests/Pods-RNHybrid-RNHybridTests.release.xcconfig"; sourceTree = "<group>"; };
		B1D940EE4BD43590C40F72FA /* RNViewController.h */ = {isa = PBXFileReference; lastKnownFileType = sourcecode.c.h; name = RNViewController.h; path = RNHybrid/RNViewController.h; sourceTree = "<group>"; };
		B741EB0E5F886BE73C0EF541 /* MainViewController.h */ = {isa = PBXFileReference; lastKnownFileType = sourcecode.c.h; name = MainViewController.h; path = RNHybrid/MainViewController.h; sourceTree = "<group>"; };
		C473F9520F8D082E0EE2D38F /* MainViewController.m */ = {isa = PBXFileReference; lastKnownFileType = sourcecode.c.objc; name = MainViewController.m; path = RNHybrid/MainViewController.m; sourceTree = "<group>"; };
		C61156CF4603A6DB7A3E8A9A /* RNHybrid.app */ = {isa = PBXFileReference; explicitFileType = wrapper.application; includeInIndex = 0; path = RNHybrid.app; sourceTree = BUILT_PRODUCTS_DIR; };
		CCBBED25898EE1495C43CDCC /* Pods-RNHybrid.debug.xcconfig */ = {isa = PBXFileReference; includeInIndex = 1; lastKnownFileType = text.xcconfig; name = "Pods-RNHybrid.debug.xcconfig"; path = "Target Support Files/Pods-RNHybrid/Pods-RNHybrid.debug.xcconfig"; sourceTree = "<group>"; };
		CD2C06424F0501CEC7CC84DA /* Pods-RNHybrid.release.xcconfig */ = {isa = PBXFileReference; includeInIndex = 1; lastKnownFileType = text.xcconfig; name = "Pods-RNHybrid.release.xcconfig"; path = "Target Support Files/Pods-RNHybrid/Pods-RNHybrid.release.xcconfig"; sourceTree = "<group>"; };
		FEE469EE774A6393555B31CF /* Foundation.framework */ = {isa = PBXFileReference; lastKnownFileType = wrapper.framework; name = Foundation.framework; path = System/Library/Frameworks/Foundation.framework; sourceTree = DEVELOPER_DIR; };
/* End PBXFileReference section */

/* Begin PBXFrameworksBuildPhase section */
		6B518667EA680FA7DF46C633 /* Frameworks */ = {
			isa = PBXFrameworksBuildPhase;
			buildActionMask = 2147483647;
			files = (
				57C4BFEC2D27576600F74713 /* Foundation.framework in Frameworks */,
				F9FE4CF757EEF9BBD0BCA632 /* libPods-RNHybrid.a in Frameworks */,
			);
			runOnlyForDeploymentPostprocessing = 0;
		};
		B9A51E13655BB5F596F03853 /* Frameworks */ = {
			isa = PBXFrameworksBuildPhase;
			buildActionMask = 2147483647;
			files = (
				54F0AE22A9816301243AEB20 /* Foundation.framework in Frameworks */,
				06FCF057F03D324F33229790 /* libPods-RNHybrid-RNHybridTests.a in Frameworks */,
			);
			runOnlyForDeploymentPostprocessing = 0;
		};
/* End PBXFrameworksBuildPhase section */

/* Begin PBXGroup section */
		6F5668F26FE0117E92ED38CA /* RNHybridTests */ = {
			isa = PBXGroup;
			children = (
			);
			name = RNHybridTests;
			sourceTree = "<group>";
		};
		7A54F82F9358B0F9F8BB1E83 /* Frameworks */ = {
			isa = PBXGroup;
			children = (
				FEE469EE774A6393555B31CF /* Foundation.framework */,
				702D8E3CEAB5DD074842012F /* libPods-RNHybrid.a */,
				5A6D131540C26F11841FEF40 /* libPods-RNHybrid-RNHybridTests.a */,
			);
			name = Frameworks;
			sourceTree = "<group>";
		};
		9165E05E3AE9A933A5B0ED1C = {
			isa = PBXGroup;
			children = (
				D664D714C6979E99AA1EC911 /* Products */,
				7A54F82F9358B0F9F8BB1E83 /* Frameworks */,
				C672A79B10C56E791ECB8981 /* RNHybrid */,
				6F5668F26FE0117E92ED38CA /* RNHybridTests */,
				EB2C7CE8491E63BAE082B876 /* Pods */,
			);
			sourceTree = "<group>";
		};
		C672A79B10C56E791ECB8981 /* RNHybrid */ = {
			isa = PBXGroup;
			children = (
				34EA291F78D8F99304529D84 /* AppDelegate.h */,
				0009959CF533A0A6929752A4 /* AppDelegate.mm */,
				889A741C91236C16E764C99E /* main.m */,
				73ABB86FFB07F01E374E6820 /* PrivacyInfo.xcprivacy */,
				8F575DA5717F827A487A8CF7 /* SplashViewController.h */,
				67DEAB2698C7069A8E65984E /* SplashViewController.m */,
				B741EB0E5F886BE73C0EF541 /* MainViewController.h */,
				C473F9520F8D082E0EE2D38F /* MainViewController.m */,
				B1D940EE4BD43590C40F72FA /* RNViewController.h */,
				827D44DA8E54F0C0A8931C47 /* RNViewController.m */,
			);
			name = RNHybrid;
			path = RNHybrid;
			sourceTree = "<group>";
		};
		D664D714C6979E99AA1EC911 /* Products */ = {
			isa = PBXGroup;
			children = (
				C61156CF4603A6DB7A3E8A9A /* RNHybrid.app */,
				003933657EB86D5787CD71B7 /* RNHybridTests.xctest */,
			);
			name = Products;
			sourceTree = "<group>";
		};
		EB2C7CE8491E63BAE082B876 /* Pods */ = {
			isa = PBXGroup;
			children = (
				CCBBED25898EE1495C43CDCC /* Pods-RNHybrid.debug.xcconfig */,
				CD2C06424F0501CEC7CC84DA /* Pods-RNHybrid.release.xcconfig */,
				3A3C4A5EE05DB3326A0BE5CF /* Pods-RNHybrid-RNHybridTests.debug.xcconfig */,
				A93FF24637B9B342189619FF /* Pods-RNHybrid-RNHybridTests.release.xcconfig */,
			);
			name = Pods;
			path = Pods;
			sourceTree = "<group>";
		};
/* End PBXGroup section */

/* Begin PBXHeadersBuildPhase section */
		3FFD3BDE341EADC3E03E5A3A /* Headers */ = {
			isa = PBXHeadersBuildPhase;
			buildActionMask = 2147483647;
			files = (
				716F3C85A6B44B0C9D26596A /* AppDelegate.h in Headers */,
				19DD6122E327FACB19BC56B3 /* SplashViewController.h in Headers */,
				084F1854EA1A538469741784 /* MainViewController.h in Headers */,
				687359BD9E4E4912188B0E76 /* RNViewController.h in Headers */,
			);
			runOnlyForDeploymentPostprocessing = 0;
		};
/* End PBXHeadersBuildPhase section */

/* Begin PBXNativeTarget section */
		16DE083364A68B0F60345F64 /* RNHybrid */ = {
			isa = PBXNativeTarget;
			buildConfigurationList = 61D850A36B6EE87ED82CD8FF /* Build configuration list for PBXNativeTarget "RNHybrid" */;
			buildPhases = (
				492E3BC935B823C4745DC9C1 /* [CP] Check Pods Manifest.lock */,
				59F11B3873543310A207D323 /* Sources */,
				6B518667EA680FA7DF46C633 /* Frameworks */,
				FBB199C3F73EDD154E33B80C /* Resources */,
				3FFD3BDE341EADC3E03E5A3A /* Headers */,
				440ABBBD822BA09B8172D0B6 /* [CP] Copy Pods Resources */,
			);
			buildRules = (
			);
			dependencies = (
			);
			name = RNHybrid;
			productName = RNHybrid;
			productReference = C61156CF4603A6DB7A3E8A9A /* RNHybrid.app */;
			productType = "com.apple.product-type.application";
		};
		7A691EE06CC91473FAAB366B /* RNHybridTests */ = {
			isa = PBXNativeTarget;
			buildConfigurationList = AF1227C430BBBB24F8B439C1 /* Build configuration list for PBXNativeTarget "RNHybridTests" */;
			buildPhases = (
				3DD8BCA119C5D91E8E7EB16B /* [CP] Check Pods Manifest.lock */,
				6DE4856F956BED642C1B76C8 /* Sources */,
				B9A51E13655BB5F596F03853 /* Frameworks */,
				3D1081EDCAAC06FB43C0DC30 /* Resources */,
				E5FD17E75E433273A4081F35 /* [CP] Copy Pods Resources */,
			);
			buildRules = (
			);
			dependencies = (
			);
			name = RNHybridTests;
			productName = RNHybridTests;
			productReference = 003933657EB86D5787CD71B7 /* RNHybridTests.xctest */;
			productType = "com.apple.product-type.bundle.unit-test";
		};
/* End PBXNativeTarget section */

/* Begin PBXProject section */
		8AB45945F10B454190779DEC /* Project object */ = {
			isa = PBXProject;
			attributes = {
				BuildSystemType = 2;
				LastSwiftUpdateCheck = 1600;
				LastUpgradeCheck = 1600;
				TargetAttributes = {
					16DE083364A68B0F60345F64 = {
						CreatedOnToolsVersion = 15.0.0;
					};
				};
			};
			buildConfigurationList = F828D15424E4BDF63296A18C /* Build configuration list for PBXProject "RNHybrid" */;
			compatibilityVersion = "Xcode 14.0";
			developmentRegion = en;
			hasScannedForEncodings = 0;
			knownRegions = (
				en,
				Base,
			);
			mainGroup = 9165E05E3AE9A933A5B0ED1C;
			productRefGroup = D664D714C6979E99AA1EC911 /* Products */;
			projectDirPath = "";
			projectRoot = "";
			targets = (
				16DE083364A68B0F60345F64 /* RNHybrid */,
				7A691EE06CC91473FAAB366B /* RNHybridTests */,
			);
		};
/* End PBXProject section */

/* Begin PBXResourcesBuildPhase section */
		3D1081EDCAAC06FB43C0DC30 /* Resources */ = {
			isa = PBXResourcesBuildPhase;
			buildActionMask = 2147483647;
			files = (
			);
			runOnlyForDeploymentPostprocessing = 0;
		};
		FBB199C3F73EDD154E33B80C /* Resources */ = {
			isa = PBXResourcesBuildPhase;
			buildActionMask = 2147483647;
			files = (
				8B262B1AACAF725C1E20F56B /* PrivacyInfo.xcprivacy in Resources */,
			);
			runOnlyForDeploymentPostprocessing = 0;
		};
/* End PBXResourcesBuildPhase section */

/* Begin PBXShellScriptBuildPhase section */
		3DD8BCA119C5D91E8E7EB16B /* [CP] Check Pods Manifest.lock */ = {
			isa = PBXShellScriptBuildPhase;
			buildActionMask = 2147483647;
			files = (
			);
			inputFileListPaths = (
			);
			inputPaths = (
				"${PODS_PODFILE_DIR_PATH}/Podfile.lock",
				"${PODS_ROOT}/Manifest.lock",
			);
			name = "[CP] Check Pods Manifest.lock";
			outputFileListPaths = (
			);
			outputPaths = (
				"$(DERIVED_FILE_DIR)/Pods-RNHybrid-RNHybridTests-checkManifestLockResult.txt",
			);
			runOnlyForDeploymentPostprocessing = 0;
			shellPath = /bin/sh;
			shellScript = "diff \"${PODS_PODFILE_DIR_PATH}/Podfile.lock\" \"${PODS_ROOT}/Manifest.lock\" > /dev/null\nif [ $? != 0 ] ; then\n    # print error to STDERR\n    echo \"error: The sandbox is not in sync with the Podfile.lock. Run 'pod install' or update your CocoaPods installation.\" >&2\n    exit 1\nfi\n# This output is used by Xcode 'outputs' to avoid re-running this script phase.\necho \"SUCCESS\" > \"${SCRIPT_OUTPUT_FILE_0}\"\n";
			showEnvVarsInLog = 0;
		};
		440ABBBD822BA09B8172D0B6 /* [CP] Copy Pods Resources */ = {
			isa = PBXShellScriptBuildPhase;
			buildActionMask = 2147483647;
			files = (
			);
			inputFileListPaths = (
				"${PODS_ROOT}/Target Support Files/Pods-RNHybrid/Pods-RNHybrid-resources-${CONFIGURATION}-input-files.xcfilelist",
			);
			name = "[CP] Copy Pods Resources";
			outputFileListPaths = (
				"${PODS_ROOT}/Target Support Files/Pods-RNHybrid/Pods-RNHybrid-resources-${CONFIGURATION}-output-files.xcfilelist",
			);
			runOnlyForDeploymentPostprocessing = 0;
			shellPath = /bin/sh;
			shellScript = "\"${PODS_ROOT}/Target Support Files/Pods-RNHybrid/Pods-RNHybrid-resources.sh\"\n";
			showEnvVarsInLog = 0;
		};
		492E3BC935B823C4745DC9C1 /* [CP] Check Pods Manifest.lock */ = {
			isa = PBXShellScriptBuildPhase;
			buildActionMask = 2147483647;
			files = (
			);
			inputFileListPaths = (
			);
			inputPaths = (
				"${PODS_PODFILE_DIR_PATH}/Podfile.lock",
				"${PODS_ROOT}/Manifest.lock",
			);
			name = "[CP] Check Pods Manifest.lock";
			outputFileListPaths = (
			);
			outputPaths = (
				"$(DERIVED_FILE_DIR)/Pods-RNHybrid-checkManifestLockResult.txt",
			);
			runOnlyForDeploymentPostprocessing = 0;
			shellPath = /bin/sh;
			shellScript = "diff \"${PODS_PODFILE_DIR_PATH}/Podfile.lock\" \"${PODS_ROOT}/Manifest.lock\" > /dev/null\nif [ $? != 0 ] ; then\n    # print error to STDERR\n    echo \"error: The sandbox is not in sync with the Podfile.lock. Run 'pod install' or update your CocoaPods installation.\" >&2\n    exit 1\nfi\n# This output is used by Xcode 'outputs' to avoid re-running this script phase.\necho \"SUCCESS\" > \"${SCRIPT_OUTPUT_FILE_0}\"\n";
			showEnvVarsInLog = 0;
		};
		E5FD17E75E433273A4081F35 /* [CP] Copy Pods Resources */ = {
			isa = PBXShellScriptBuildPhase;
			buildActionMask = 2147483647;
			files = (
			);
			inputFileListPaths = (
				"${PODS_ROOT}/Target Support Files/Pods-RNHybrid-RNHybridTests/Pods-RNHybrid-RNHybridTests-resources-${CONFIGURATION}-input-files.xcfilelist",
			);
			name = "[CP] Copy Pods Resources";
			outputFileListPaths = (
				"${PODS_ROOT}/Target Support Files/Pods-RNHybrid-RNHybridTests/Pods-RNHybrid-RNHybridTests-resources-${CONFIGURATION}-output-files.xcfilelist",
			);
			runOnlyForDeploymentPostprocessing = 0;
			shellPath = /bin/sh;
			shellScript = "\"${PODS_ROOT}/Target Support Files/Pods-RNHybrid-RNHybridTests/Pods-RNHybrid-RNHybridTests-resources.sh\"\n";
			showEnvVarsInLog = 0;
		};
/* End PBXShellScriptBuildPhase section */

/* Begin PBXSourcesBuildPhase section */
		59F11B3873543310A207D323 /* Sources */ = {
			isa = PBXSourcesBuildPhase;
			buildActionMask = 2147483647;
			files = (
				39CBE1F1249B002C43E543F5 /* AppDelegate.mm in Sources */,
				B7CBE74AAED6BD61AB72643A /* main.m in Sources */,
				D70F0C138F9DDDFE4FD8650C /* SplashViewController.m in Sources */,
				5B8E5B5AF76288AA0DC11E80 /* MainViewController.m in Sources */,
				19F538D290F4EFDE0F2E3A9C /* RNViewController.m in Sources */,
			);
			runOnlyForDeploymentPostprocessing = 0;
		};
		6DE4856F956BED642C1B76C8 /* Sources */ = {
			isa = PBXSourcesBuildPhase;
			buildActionMask = 2147483647;
			files = (
			);
			runOnlyForDeploymentPostprocessing = 0;
		};
/* End PBXSourcesBuildPhase section */

/* Begin XCBuildConfiguration section */
		1A8C0F0B1E2F3A4B5C6D7E8F /* Debug */ = {
			isa = XCBuildConfiguration;
			baseConfigurationReference = CCBBED25898EE1495C43CDCC /* Pods-RNHybrid.debug.xcconfig */;
			buildSettings = {
				CLANG_CXX_LANGUAGE_STANDARD = "c++17";
				GCC_PREPROCESSOR_DEFINITIONS = (
					"$(inherited)",
					_LIBCPP_ENABLE_CXX17_REMOVED_UNARY_BINARY_FUNCTION,
				);
				INFOPLIST_FILE = RNHybrid/Info.plist;
				IPHONEOS_DEPLOYMENT_TARGET = 12.4;
				OTHER_CFLAGS = "$(inherited)";
				OTHER_CPLUSPLUSFLAGS = "$(inherited)";
				OTHER_LDFLAGS = (
					"$(inherited)",
					" ",
				);
				PRODUCT_NAME = RNHybrid;
				REACT_NATIVE_PATH = "${PODS_ROOT}/../../node_modules/react-native";
				SDKROOT = iphoneos;
			};
			name = Debug;
		};
		2B9D1G0C2F3G4B5C6D7E8F9G /* Release */ = {
			isa = XCBuildConfiguration;
			baseConfigurationReference = CD2C06424F0501CEC7CC84DA /* Pods-RNHybrid.release.xcconfig */;
			buildSettings = {
				CLANG_CXX_LANGUAGE_STANDARD = "c++17";
				GCC_PREPROCESSOR_DEFINITIONS = (
					"$(inherited)",
					_LIBCPP_ENABLE_CXX17_REMOVED_UNARY_BINARY_FUNCTION,
				);
				INFOPLIST_FILE = RNHybrid/Info.plist;
				IPHONEOS_DEPLOYMENT_TARGET = 12.4;
				OTHER_CFLAGS = "$(inherited)";
				OTHER_CPLUSPLUSFLAGS = "$(inherited)";
				OTHER_LDFLAGS = (
					"$(inherited)",
					" ",
				);
				PRODUCT_NAME = RNHybrid;
				REACT_NATIVE_PATH = "${PODS_ROOT}/../../node_modules/react-native";
				SDKROOT = iphoneos;
			};
			name = Release;
		};
		3C0E2H0D3G4H5C6D7E8F9G0H /* Debug */ = {
			isa = XCBuildConfiguration;
			baseConfigurationReference = 3A3C4A5EE05DB3326A0BE5CF /* Pods-RNHybrid-RNHybridTests.debug.xcconfig */;
			buildSettings = {
				IPHONEOS_DEPLOYMENT_TARGET = 12.4;
				SDKROOT = iphoneos;
			};
			name = Debug;
		};
		4D1F3I0E4H5I6D7E8F9G0H1I /* Release */ = {
			isa = XCBuildConfiguration;
			baseConfigurationReference = A93FF24637B9B342189619FF /* Pods-RNHybrid-RNHybridTests.release.xcconfig */;
			buildSettings = {
				IPHONEOS_DEPLOYMENT_TARGET = 12.4;
				SDKROOT = iphoneos;
			};
			name = Release;
		};
/* End XCBuildConfiguration section */

/* Begin XCConfigurationList section */
		61D850A36B6EE87ED82CD8FF /* Build configuration list for PBXNativeTarget "RNHybrid" */ = {
			isa = XCConfigurationList;
			buildConfigurations = (
				1A8C0F0B1E2F3A4B5C6D7E8F /* Debug */,
				2B9D1G0C2F3G4B5C6D7E8F9G /* Release */,
			);
			defaultConfigurationIsVisible = 0;
			defaultConfigurationName = Release;
		};
		AF1227C430BBBB24F8B439C1 /* Build configuration list for PBXNativeTarget "RNHybridTests" */ = {
			isa = XCConfigurationList;
			buildConfigurations = (
				3C0E2H0D3G4H5C6D7E8F9G0H /* Debug */,
				4D1F3I0E4H5I6D7E8F9G0H1I /* Release */,
			);
			defaultConfigurationIsVisible = 0;
			defaultConfigurationName = Release;
		};
		F828D15424E4BDF63296A18C /* Build configuration list for PBXProject "RNHybrid" */ = {
			isa = XCConfigurationList;
			buildConfigurations = (
				1A8C0F0B1E2F3A4B5C6D7E8F /* Debug */,
				2B9D1G0C2F3G4B5C6D7E8F9G /* Release */,
			);
			defaultConfigurationIsVisible = 0;
			defaultConfigurationName = Release;
		};
/* End XCConfigurationList section */
	};
	rootObject = 8AB45945F10B454190779DEC /* Project object */;
}
